// !$*UTF8*$!
{
	archiveVersion = 1;
	classes = {
	};
	objectVersion = 55;
	objects = {

/* Begin PBXBuildFile section */
		700EDFA427CB7BDD00F4981D /* Roboto in Resources */ = {isa = PBXBuildFile; fileRef = 700EDFA327CB7BDD00F4981D /* Roboto */; };
		700EDFA727CEBE8E00F4981D /* Frame.swift in Sources */ = {isa = PBXBuildFile; fileRef = 700EDFA627CEBE8E00F4981D /* Frame.swift */; };
		7047FDC127C1505200FE06F2 /* SimpleLayout.swift in Sources */ = {isa = PBXBuildFile; fileRef = 7047FDC027C1505200FE06F2 /* SimpleLayout.swift */; };
		7047FDC327C1555F00FE06F2 /* ComplexLayout.swift in Sources */ = {isa = PBXBuildFile; fileRef = 7047FDC227C1555F00FE06F2 /* ComplexLayout.swift */; };
		7047FDC727C2F0FC00FE06F2 /* Blog.swift in Sources */ = {isa = PBXBuildFile; fileRef = 7047FDC627C2F0FC00FE06F2 /* Blog.swift */; };
		70DB4E8E27C4DA3F00EEFEC9 /* CostumTextField.swift in Sources */ = {isa = PBXBuildFile; fileRef = 70DB4E8D27C4DA3F00EEFEC9 /* CostumTextField.swift */; };
		70F3836C27C1317800A8A283 /* SwifUI_handbookApp.swift in Sources */ = {isa = PBXBuildFile; fileRef = 70F3836B27C1317800A8A283 /* SwifUI_handbookApp.swift */; };
		70F3836E27C1317800A8A283 /* ContentView.swift in Sources */ = {isa = PBXBuildFile; fileRef = 70F3836D27C1317800A8A283 /* ContentView.swift */; };
		70F3837027C1317A00A8A283 /* Assets.xcassets in Resources */ = {isa = PBXBuildFile; fileRef = 70F3836F27C1317A00A8A283 /* Assets.xcassets */; };
		70F3837327C1317A00A8A283 /* Preview Assets.xcassets in Resources */ = {isa = PBXBuildFile; fileRef = 70F3837227C1317A00A8A283 /* Preview Assets.xcassets */; };
		70F3837D27C1317A00A8A283 /* SwifUI_handbookTests.swift in Sources */ = {isa = PBXBuildFile; fileRef = 70F3837C27C1317A00A8A283 /* SwifUI_handbookTests.swift */; };
		70F3838727C1317A00A8A283 /* SwifUI_handbookUITests.swift in Sources */ = {isa = PBXBuildFile; fileRef = 70F3838627C1317A00A8A283 /* SwifUI_handbookUITests.swift */; };
		70F3838927C1317A00A8A283 /* SwifUI_handbookUITestsLaunchTests.swift in Sources */ = {isa = PBXBuildFile; fileRef = 70F3838827C1317A00A8A283 /* SwifUI_handbookUITestsLaunchTests.swift */; };
		70F3839627C147DB00A8A283 /* MultiShapes.swift in Sources */ = {isa = PBXBuildFile; fileRef = 70F3839527C147DB00A8A283 /* MultiShapes.swift */; };
/* End PBXBuildFile section */

/* Begin PBXContainerItemProxy section */
		70F3837927C1317A00A8A283 /* PBXContainerItemProxy */ = {
			isa = PBXContainerItemProxy;
			containerPortal = 70F3836027C1317800A8A283 /* Project object */;
			proxyType = 1;
			remoteGlobalIDString = 70F3836727C1317800A8A283;
			remoteInfo = "SwifUI-handbook";
		};
		70F3838327C1317A00A8A283 /* PBXContainerItemProxy */ = {
			isa = PBXContainerItemProxy;
			containerPortal = 70F3836027C1317800A8A283 /* Project object */;
			proxyType = 1;
			remoteGlobalIDString = 70F3836727C1317800A8A283;
			remoteInfo = "SwifUI-handbook";
		};
/* End PBXContainerItemProxy section */

/* Begin PBXFileReference section */
		700EDFA327CB7BDD00F4981D /* Roboto */ = {isa = PBXFileReference; lastKnownFileType = folder; path = Roboto; sourceTree = "<group>"; };
		700EDFA527CB7E6300F4981D /* Info.plist */ = {isa = PBXFileReference; lastKnownFileType = text.plist; path = Info.plist; sourceTree = "<group>"; };
		700EDFA627CEBE8E00F4981D /* Frame.swift */ = {isa = PBXFileReference; lastKnownFileType = sourcecode.swift; path = Frame.swift; sourceTree = "<group>"; };
		7047FDC027C1505200FE06F2 /* SimpleLayout.swift */ = {isa = PBXFileReference; lastKnownFileType = sourcecode.swift; path = SimpleLayout.swift; sourceTree = "<group>"; };
		7047FDC227C1555F00FE06F2 /* ComplexLayout.swift */ = {isa = PBXFileReference; lastKnownFileType = sourcecode.swift; path = ComplexLayout.swift; sourceTree = "<group>"; };
		7047FDC627C2F0FC00FE06F2 /* Blog.swift */ = {isa = PBXFileReference; lastKnownFileType = sourcecode.swift; path = Blog.swift; sourceTree = "<group>"; };
		70DB4E8D27C4DA3F00EEFEC9 /* CostumTextField.swift */ = {isa = PBXFileReference; lastKnownFileType = sourcecode.swift; path = CostumTextField.swift; sourceTree = "<group>"; };
		70F3836827C1317800A8A283 /* SwifUI-handbook.app */ = {isa = PBXFileReference; explicitFileType = wrapper.application; includeInIndex = 0; path = "SwifUI-handbook.app"; sourceTree = BUILT_PRODUCTS_DIR; };
		70F3836B27C1317800A8A283 /* SwifUI_handbookApp.swift */ = {isa = PBXFileReference; lastKnownFileType = sourcecode.swift; path = SwifUI_handbookApp.swift; sourceTree = "<group>"; };
		70F3836D27C1317800A8A283 /* ContentView.swift */ = {isa = PBXFileReference; lastKnownFileType = sourcecode.swift; path = ContentView.swift; sourceTree = "<group>"; };
		70F3836F27C1317A00A8A283 /* Assets.xcassets */ = {isa = PBXFileReference; lastKnownFileType = folder.assetcatalog; path = Assets.xcassets; sourceTree = "<group>"; };
		70F3837227C1317A00A8A283 /* Preview Assets.xcassets */ = {isa = PBXFileReference; lastKnownFileType = folder.assetcatalog; path = "Preview Assets.xcassets"; sourceTree = "<group>"; };
		70F3837827C1317A00A8A283 /* SwifUI-handbookTests.xctest */ = {isa = PBXFileReference; explicitFileType = wrapper.cfbundle; includeInIndex = 0; path = "SwifUI-handbookTests.xctest"; sourceTree = BUILT_PRODUCTS_DIR; };
		70F3837C27C1317A00A8A283 /* SwifUI_handbookTests.swift */ = {isa = PBXFileReference; lastKnownFileType = sourcecode.swift; path = SwifUI_handbookTests.swift; sourceTree = "<group>"; };
		70F3838227C1317A00A8A283 /* SwifUI-handbookUITests.xctest */ = {isa = PBXFileReference; explicitFileType = wrapper.cfbundle; includeInIndex = 0; path = "SwifUI-handbookUITests.xctest"; sourceTree = BUILT_PRODUCTS_DIR; };
		70F3838627C1317A00A8A283 /* SwifUI_handbookUITests.swift */ = {isa = PBXFileReference; lastKnownFileType = sourcecode.swift; path = SwifUI_handbookUITests.swift; sourceTree = "<group>"; };
		70F3838827C1317A00A8A283 /* SwifUI_handbookUITestsLaunchTests.swift */ = {isa = PBXFileReference; lastKnownFileType = sourcecode.swift; path = SwifUI_handbookUITestsLaunchTests.swift; sourceTree = "<group>"; };
		70F3839527C147DB00A8A283 /* MultiShapes.swift */ = {isa = PBXFileReference; lastKnownFileType = sourcecode.swift; path = MultiShapes.swift; sourceTree = "<group>"; };
/* End PBXFileReference section */

/* Begin PBXFrameworksBuildPhase section */
		70F3836527C1317800A8A283 /* Frameworks */ = {
			isa = PBXFrameworksBuildPhase;
			buildActionMask = 2147483647;
			files = (
			);
			runOnlyForDeploymentPostprocessing = 0;
		};
		70F3837527C1317A00A8A283 /* Frameworks */ = {
			isa = PBXFrameworksBuildPhase;
			buildActionMask = 2147483647;
			files = (
			);
			runOnlyForDeploymentPostprocessing = 0;
		};
		70F3837F27C1317A00A8A283 /* Frameworks */ = {
			isa = PBXFrameworksBuildPhase;
			buildActionMask = 2147483647;
			files = (
			);
			runOnlyForDeploymentPostprocessing = 0;
		};
/* End PBXFrameworksBuildPhase section */

/* Begin PBXGroup section */
		70F3835F27C1317800A8A283 = {
			isa = PBXGroup;
			children = (
				70F3836A27C1317800A8A283 /* SwifUI-handbook */,
				70F3837B27C1317A00A8A283 /* SwifUI-handbookTests */,
				70F3838527C1317A00A8A283 /* SwifUI-handbookUITests */,
				70F3836927C1317800A8A283 /* Products */,
			);
			sourceTree = "<group>";
		};
		70F3836927C1317800A8A283 /* Products */ = {
			isa = PBXGroup;
			children = (
				70F3836827C1317800A8A283 /* SwifUI-handbook.app */,
				70F3837827C1317A00A8A283 /* SwifUI-handbookTests.xctest */,
				70F3838227C1317A00A8A283 /* SwifUI-handbookUITests.xctest */,
			);
			name = Products;
			sourceTree = "<group>";
		};
		70F3836A27C1317800A8A283 /* SwifUI-handbook */ = {
			isa = PBXGroup;
			children = (
				700EDFA527CB7E6300F4981D /* Info.plist */,
				70F3836B27C1317800A8A283 /* SwifUI_handbookApp.swift */,
				70F3836D27C1317800A8A283 /* ContentView.swift */,
				70F3839527C147DB00A8A283 /* MultiShapes.swift */,
				7047FDC027C1505200FE06F2 /* SimpleLayout.swift */,
				7047FDC227C1555F00FE06F2 /* ComplexLayout.swift */,
				7047FDC627C2F0FC00FE06F2 /* Blog.swift */,
				70DB4E8D27C4DA3F00EEFEC9 /* CostumTextField.swift */,
				70F3836F27C1317A00A8A283 /* Assets.xcassets */,
				700EDFA327CB7BDD00F4981D /* Roboto */,
				70F3837127C1317A00A8A283 /* Preview Content */,
				700EDFA627CEBE8E00F4981D /* Frame.swift */,
			);
			path = "SwifUI-handbook";
			sourceTree = "<group>";
		};
		70F3837127C1317A00A8A283 /* Preview Content */ = {
			isa = PBXGroup;
			children = (
				70F3837227C1317A00A8A283 /* Preview Assets.xcassets */,
			);
			path = "Preview Content";
			sourceTree = "<group>";
		};
		70F3837B27C1317A00A8A283 /* SwifUI-handbookTests */ = {
			isa = PBXGroup;
			children = (
				70F3837C27C1317A00A8A283 /* SwifUI_handbookTests.swift */,
			);
			path = "SwifUI-handbookTests";
			sourceTree = "<group>";
		};
		70F3838527C1317A00A8A283 /* SwifUI-handbookUITests */ = {
			isa = PBXGroup;
			children = (
				70F3838627C1317A00A8A283 /* SwifUI_handbookUITests.swift */,
				70F3838827C1317A00A8A283 /* SwifUI_handbookUITestsLaunchTests.swift */,
			);
			path = "SwifUI-handbookUITests";
			sourceTree = "<group>";
		};
/* End PBXGroup section */

/* Begin PBXNativeTarget section */
		70F3836727C1317800A8A283 /* SwifUI-handbook */ = {
			isa = PBXNativeTarget;
			buildConfigurationList = 70F3838C27C1317A00A8A283 /* Build configuration list for PBXNativeTarget "SwifUI-handbook" */;
			buildPhases = (
				70F3836427C1317800A8A283 /* Sources */,
				70F3836527C1317800A8A283 /* Frameworks */,
				70F3836627C1317800A8A283 /* Resources */,
			);
			buildRules = (
			);
			dependencies = (
			);
			name = "SwifUI-handbook";
			productName = "SwifUI-handbook";
			productReference = 70F3836827C1317800A8A283 /* SwifUI-handbook.app */;
			productType = "com.apple.product-type.application";
		};
		70F3837727C1317A00A8A283 /* SwifUI-handbookTests */ = {
			isa = PBXNativeTarget;
			buildConfigurationList = 70F3838F27C1317A00A8A283 /* Build configuration list for PBXNativeTarget "SwifUI-handbookTests" */;
			buildPhases = (
				70F3837427C1317A00A8A283 /* Sources */,
				70F3837527C1317A00A8A283 /* Frameworks */,
				70F3837627C1317A00A8A283 /* Resources */,
			);
			buildRules = (
			);
			dependencies = (
				70F3837A27C1317A00A8A283 /* PBXTargetDependency */,
			);
			name = "SwifUI-handbookTests";
			productName = "SwifUI-handbookTests";
			productReference = 70F3837827C1317A00A8A283 /* SwifUI-handbookTests.xctest */;
			productType = "com.apple.product-type.bundle.unit-test";
		};
		70F3838127C1317A00A8A283 /* SwifUI-handbookUITests */ = {
			isa = PBXNativeTarget;
			buildConfigurationList = 70F3839227C1317A00A8A283 /* Build configuration list for PBXNativeTarget "SwifUI-handbookUITests" */;
			buildPhases = (
				70F3837E27C1317A00A8A283 /* Sources */,
				70F3837F27C1317A00A8A283 /* Frameworks */,
				70F3838027C1317A00A8A283 /* Resources */,
			);
			buildRules = (
			);
			dependencies = (
				70F3838427C1317A00A8A283 /* PBXTargetDependency */,
			);
			name = "SwifUI-handbookUITests";
			productName = "SwifUI-handbookUITests";
			productReference = 70F3838227C1317A00A8A283 /* SwifUI-handbookUITests.xctest */;
			productType = "com.apple.product-type.bundle.ui-testing";
		};
/* End PBXNativeTarget section */

/* Begin PBXProject section */
		70F3836027C1317800A8A283 /* Project object */ = {
			isa = PBXProject;
			attributes = {
				BuildIndependentTargetsInParallel = 1;
				LastSwiftUpdateCheck = 1320;
				LastUpgradeCheck = 1320;
				TargetAttributes = {
					70F3836727C1317800A8A283 = {
						CreatedOnToolsVersion = 13.2;
					};
					70F3837727C1317A00A8A283 = {
						CreatedOnToolsVersion = 13.2;
						TestTargetID = 70F3836727C1317800A8A283;
					};
					70F3838127C1317A00A8A283 = {
						CreatedOnToolsVersion = 13.2;
						TestTargetID = 70F3836727C1317800A8A283;
					};
				};
			};
			buildConfigurationList = 70F3836327C1317800A8A283 /* Build configuration list for PBXProject "SwifUI-handbook" */;
			compatibilityVersion = "Xcode 13.0";
			developmentRegion = en;
			hasScannedForEncodings = 0;
			knownRegions = (
				en,
				Base,
			);
			mainGroup = 70F3835F27C1317800A8A283;
			productRefGroup = 70F3836927C1317800A8A283 /* Products */;
			projectDirPath = "";
			projectRoot = "";
			targets = (
				70F3836727C1317800A8A283 /* SwifUI-handbook */,
				70F3837727C1317A00A8A283 /* SwifUI-handbookTests */,
				70F3838127C1317A00A8A283 /* SwifUI-handbookUITests */,
			);
		};
/* End PBXProject section */

/* Begin PBXResourcesBuildPhase section */
		70F3836627C1317800A8A283 /* Resources */ = {
			isa = PBXResourcesBuildPhase;
			buildActionMask = 2147483647;
			files = (
				70F3837327C1317A00A8A283 /* Preview Assets.xcassets in Resources */,
				70F3837027C1317A00A8A283 /* Assets.xcassets in Resources */,
				700EDFA427CB7BDD00F4981D /* Roboto in Resources */,
			);
			runOnlyForDeploymentPostprocessing = 0;
		};
		70F3837627C1317A00A8A283 /* Resources */ = {
			isa = PBXResourcesBuildPhase;
			buildActionMask = 2147483647;
			files = (
			);
			runOnlyForDeploymentPostprocessing = 0;
		};
		70F3838027C1317A00A8A283 /* Resources */ = {
			isa = PBXResourcesBuildPhase;
			buildActionMask = 2147483647;
			files = (
			);
			runOnlyForDeploymentPostprocessing = 0;
		};
/* End PBXResourcesBuildPhase section */

/* Begin PBXSourcesBuildPhase section */
		70F3836427C1317800A8A283 /* Sources */ = {
			isa = PBXSourcesBuildPhase;
			buildActionMask = 2147483647;
			files = (
				70F3839627C147DB00A8A283 /* MultiShapes.swift in Sources */,
				700EDFA727CEBE8E00F4981D /* Frame.swift in Sources */,
				7047FDC127C1505200FE06F2 /* SimpleLayout.swift in Sources */,
				7047FDC327C1555F00FE06F2 /* ComplexLayout.swift in Sources */,
				70DB4E8E27C4DA3F00EEFEC9 /* CostumTextField.swift in Sources */,
				7047FDC727C2F0FC00FE06F2 /* Blog.swift in Sources */,
				70F3836E27C1317800A8A283 /* ContentView.swift in Sources */,
				70F3836C27C1317800A8A283 /* SwifUI_handbookApp.swift in Sources */,
			);
			runOnlyForDeploymentPostprocessing = 0;
		};
		70F3837427C1317A00A8A283 /* Sources */ = {
			isa = PBXSourcesBuildPhase;
			buildActionMask = 2147483647;
			files = (
				70F3837D27C1317A00A8A283 /* SwifUI_handbookTests.swift in Sources */,
			);
			runOnlyForDeploymentPostprocessing = 0;
		};
		70F3837E27C1317A00A8A283 /* Sources */ = {
			isa = PBXSourcesBuildPhase;
			buildActionMask = 2147483647;
			files = (
				70F3838727C1317A00A8A283 /* SwifUI_handbookUITests.swift in Sources */,
				70F3838927C1317A00A8A283 /* SwifUI_handbookUITestsLaunchTests.swift in Sources */,
			);
			runOnlyForDeploymentPostprocessing = 0;
		};
/* End PBXSourcesBuildPhase section */

/* Begin PBXTargetDependency section */
		70F3837A27C1317A00A8A283 /* PBXTargetDependency */ = {
			isa = PBXTargetDependency;
			target = 70F3836727C1317800A8A283 /* SwifUI-handbook */;
			targetProxy = 70F3837927C1317A00A8A283 /* PBXContainerItemProxy */;
		};
		70F3838427C1317A00A8A283 /* PBXTargetDependency */ = {
			isa = PBXTargetDependency;
			target = 70F3836727C1317800A8A283 /* SwifUI-handbook */;
			targetProxy = 70F3838327C1317A00A8A283 /* PBXContainerItemProxy */;
		};
/* End PBXTargetDependency section */

/* Begin XCBuildConfiguration section */
		70F3838A27C1317A00A8A283 /* Debug */ = {
			isa = XCBuildConfiguration;
			buildSettings = {
				ALWAYS_SEARCH_USER_PATHS = NO;
				CLANG_ANALYZER_NONNULL = YES;
				CLANG_ANALYZER_NUMBER_OBJECT_CONVERSION = YES_AGGRESSIVE;
				CLANG_CXX_LANGUAGE_STANDARD = "gnu++17";
				CLANG_CXX_LIBRARY = "libc++";
				CLANG_ENABLE_MODULES = YES;
				CLANG_ENABLE_OBJC_ARC = YES;
				CLANG_ENABLE_OBJC_WEAK = YES;
				CLANG_WARN_BLOCK_CAPTURE_AUTORELEASING = YES;
				CLANG_WARN_BOOL_CONVERSION = YES;
				CLANG_WARN_COMMA = YES;
				CLANG_WARN_CONSTANT_CONVERSION = YES;
				CLANG_WARN_DEPRECATED_OBJC_IMPLEMENTATIONS = YES;
				CLANG_WARN_DIRECT_OBJC_ISA_USAGE = YES_ERROR;
				CLANG_WARN_DOCUMENTATION_COMMENTS = YES;
				CLANG_WARN_EMPTY_BODY = YES;
				CLANG_WARN_ENUM_CONVERSION = YES;
				CLANG_WARN_INFINITE_RECURSION = YES;
				CLANG_WARN_INT_CONVERSION = YES;
				CLANG_WARN_NON_LITERAL_NULL_CONVERSION = YES;
				CLANG_WARN_OBJC_IMPLICIT_RETAIN_SELF = YES;
				CLANG_WARN_OBJC_LITERAL_CONVERSION = YES;
				CLANG_WARN_OBJC_ROOT_CLASS = YES_ERROR;
				CLANG_WARN_QUOTED_INCLUDE_IN_FRAMEWORK_HEADER = YES;
				CLANG_WARN_RANGE_LOOP_ANALYSIS = YES;
				CLANG_WARN_STRICT_PROTOTYPES = YES;
				CLANG_WARN_SUSPICIOUS_MOVE = YES;
				CLANG_WARN_UNGUARDED_AVAILABILITY = YES_AGGRESSIVE;
				CLANG_WARN_UNREACHABLE_CODE = YES;
				CLANG_WARN__DUPLICATE_METHOD_MATCH = YES;
				COPY_PHASE_STRIP = NO;
				DEBUG_INFORMATION_FORMAT = dwarf;
				ENABLE_STRICT_OBJC_MSGSEND = YES;
				ENABLE_TESTABILITY = YES;
				GCC_C_LANGUAGE_STANDARD = gnu11;
				GCC_DYNAMIC_NO_PIC = NO;
				GCC_NO_COMMON_BLOCKS = YES;
				GCC_OPTIMIZATION_LEVEL = 0;
				GCC_PREPROCESSOR_DEFINITIONS = (
					"DEBUG=1",
					"$(inherited)",
				);
				GCC_WARN_64_TO_32_BIT_CONVERSION = YES;
				GCC_WARN_ABOUT_RETURN_TYPE = YES_ERROR;
				GCC_WARN_UNDECLARED_SELECTOR = YES;
				GCC_WARN_UNINITIALIZED_AUTOS = YES_AGGRESSIVE;
				GCC_WARN_UNUSED_FUNCTION = YES;
				GCC_WARN_UNUSED_VARIABLE = YES;
				IPHONEOS_DEPLOYMENT_TARGET = 15.2;
				MTL_ENABLE_DEBUG_INFO = INCLUDE_SOURCE;
				MTL_FAST_MATH = YES;
				ONLY_ACTIVE_ARCH = YES;
				SDKROOT = iphoneos;
				SWIFT_ACTIVE_COMPILATION_CONDITIONS = DEBUG;
				SWIFT_OPTIMIZATION_LEVEL = "-Onone";
			};
			name = Debug;
		};
		70F3838B27C1317A00A8A283 /* Release */ = {
			isa = XCBuildConfiguration;
			buildSettings = {
				ALWAYS_SEARCH_USER_PATHS = NO;
				CLANG_ANALYZER_NONNULL = YES;
				CLANG_ANALYZER_NUMBER_OBJECT_CONVERSION = YES_AGGRESSIVE;
				CLANG_CXX_LANGUAGE_STANDARD = "gnu++17";
				CLANG_CXX_LIBRARY = "libc++";
				CLANG_ENABLE_MODULES = YES;
				CLANG_ENABLE_OBJC_ARC = YES;
				CLANG_ENABLE_OBJC_WEAK = YES;
				CLANG_WARN_BLOCK_CAPTURE_AUTORELEASING = YES;
				CLANG_WARN_BOOL_CONVERSION = YES;
				CLANG_WARN_COMMA = YES;
				CLANG_WARN_CONSTANT_CONVERSION = YES;
				CLANG_WARN_DEPRECATED_OBJC_IMPLEMENTATIONS = YES;
				CLANG_WARN_DIRECT_OBJC_ISA_USAGE = YES_ERROR;
				CLANG_WARN_DOCUMENTATION_COMMENTS = YES;
				CLANG_WARN_EMPTY_BODY = YES;
				CLANG_WARN_ENUM_CONVERSION = YES;
				CLANG_WARN_INFINITE_RECURSION = YES;
				CLANG_WARN_INT_CONVERSION = YES;
				CLANG_WARN_NON_LITERAL_NULL_CONVERSION = YES;
				CLANG_WARN_OBJC_IMPLICIT_RETAIN_SELF = YES;
				CLANG_WARN_OBJC_LITERAL_CONVERSION = YES;
				CLANG_WARN_OBJC_ROOT_CLASS = YES_ERROR;
				CLANG_WARN_QUOTED_INCLUDE_IN_FRAMEWORK_HEADER = YES;
				CLANG_WARN_RANGE_LOOP_ANALYSIS = YES;
				CLANG_WARN_STRICT_PROTOTYPES = YES;
				CLANG_WARN_SUSPICIOUS_MOVE = YES;
				CLANG_WARN_UNGUARDED_AVAILABILITY = YES_AGGRESSIVE;
				CLANG_WARN_UNREACHABLE_CODE = YES;
				CLANG_WARN__DUPLICATE_METHOD_MATCH = YES;
				COPY_PHASE_STRIP = NO;
				DEBUG_INFORMATION_FORMAT = "dwarf-with-dsym";
				ENABLE_NS_ASSERTIONS = NO;
				ENABLE_STRICT_OBJC_MSGSEND = YES;
				GCC_C_LANGUAGE_STANDARD = gnu11;
				GCC_NO_COMMON_BLOCKS = YES;
				GCC_WARN_64_TO_32_BIT_CONVERSION = YES;
				GCC_WARN_ABOUT_RETURN_TYPE = YES_ERROR;
				GCC_WARN_UNDECLARED_SELECTOR = YES;
				GCC_WARN_UNINITIALIZED_AUTOS = YES_AGGRESSIVE;
				GCC_WARN_UNUSED_FUNCTION = YES;
				GCC_WARN_UNUSED_VARIABLE = YES;
				IPHONEOS_DEPLOYMENT_TARGET = 15.2;
				MTL_ENABLE_DEBUG_INFO = NO;
				MTL_FAST_MATH = YES;
				SDKROOT = iphoneos;
				SWIFT_COMPILATION_MODE = wholemodule;
				SWIFT_OPTIMIZATION_LEVEL = "-O";
				VALIDATE_PRODUCT = YES;
			};
			name = Release;
		};
		70F3838D27C1317A00A8A283 /* Debug */ = {
			isa = XCBuildConfiguration;
			buildSettings = {
				ASSETCATALOG_COMPILER_APPICON_NAME = AppIcon;
				ASSETCATALOG_COMPILER_GLOBAL_ACCENT_COLOR_NAME = AccentColor;
				CODE_SIGN_STYLE = Automatic;
				CURRENT_PROJECT_VERSION = 1;
				DEVELOPMENT_ASSET_PATHS = "\"SwifUI-handbook/Preview Content\"";
				DEVELOPMENT_TEAM = P569KTXYRS;
				ENABLE_PREVIEWS = YES;
				GENERATE_INFOPLIST_FILE = YES;
				INFOPLIST_FILE = "SwifUI-handbook/Info.plist";
				INFOPLIST_KEY_UIApplicationSceneManifest_Generation = YES;
				INFOPLIST_KEY_UIApplicationSupportsIndirectInputEvents = YES;
				INFOPLIST_KEY_UILaunchScreen_Generation = YES;
				INFOPLIST_KEY_UISupportedInterfaceOrientations_iPad = "UIInterfaceOrientationPortrait UIInterfaceOrientationPortraitUpsideDown UIInterfaceOrientationLandscapeLeft UIInterfaceOrientationLandscapeRight";
				INFOPLIST_KEY_UISupportedInterfaceOrientations_iPhone = "UIInterfaceOrientationPortrait UIInterfaceOrientationLandscapeLeft UIInterfaceOrientationLandscapeRight";
				LD_RUNPATH_SEARCH_PATHS = (
					"$(inherited)",
					"@executable_path/Frameworks",
				);
				MARKETING_VERSION = 1.0;
				PRODUCT_BUNDLE_IDENTIFIER = "amjad.oudeh-SoundCloud.com.SwifUI-handbook";
				PRODUCT_NAME = "$(TARGET_NAME)";
				SWIFT_EMIT_LOC_STRINGS = YES;
				SWIFT_VERSION = 5.0;
				TARGETED_DEVICE_FAMILY = "1,2";
			};
			name = Debug;
		};
		70F3838E27C1317A00A8A283 /* Release */ = {
			isa = XCBuildConfiguration;
			buildSettings = {
				ASSETCATALOG_COMPILER_APPICON_NAME = AppIcon;
				ASSETCATALOG_COMPILER_GLOBAL_ACCENT_COLOR_NAME = AccentColor;
				CODE_SIGN_STYLE = Automatic;
				CURRENT_PROJECT_VERSION = 1;
				DEVELOPMENT_ASSET_PATHS = "\"SwifUI-handbook/Preview Content\"";
				DEVELOPMENT_TEAM = P569KTXYRS;
				ENABLE_PREVIEWS = YES;
				GENERATE_INFOPLIST_FILE = YES;
				INFOPLIST_FILE = "SwifUI-handbook/Info.plist";
				INFOPLIST_KEY_UIApplicationSceneManifest_Generation = YES;
				INFOPLIST_KEY_UIApplicationSupportsIndirectInputEvents = YES;
				INFOPLIST_KEY_UILaunchScreen_Generation = YES;
				INFOPLIST_KEY_UISupportedInterfaceOrientations_iPad = "UIInterfaceOrientationPortrait UIInterfaceOrientationPortraitUpsideDown UIInterfaceOrientationLandscapeLeft UIInterfaceOrientationLandscapeRight";
				INFOPLIST_KEY_UISupportedInterfaceOrientations_iPhone = "UIInterfaceOrientationPortrait UIInterfaceOrientationLandscapeLeft UIInterfaceOrientationLandscapeRight";
				LD_RUNPATH_SEARCH_PATHS = (
					"$(inherited)",
					"@executable_path/Frameworks",
				);
				MARKETING_VERSION = 1.0;
				PRODUCT_BUNDLE_IDENTIFIER = "amjad.oudeh-SoundCloud.com.SwifUI-handbook";
				PRODUCT_NAME = "$(TARGET_NAME)";
				SWIFT_EMIT_LOC_STRINGS = YES;
				SWIFT_VERSION = 5.0;
				TARGETED_DEVICE_FAMILY = "1,2";
			};
			name = Release;
		};
		70F3839027C1317A00A8A283 /* Debug */ = {
			isa = XCBuildConfiguration;
			buildSettings = {
				ALWAYS_EMBED_SWIFT_STANDARD_LIBRARIES = YES;
				BUNDLE_LOADER = "$(TEST_HOST)";
				CODE_SIGN_STYLE = Automatic;
				CURRENT_PROJECT_VERSION = 1;
				DEVELOPMENT_TEAM = P569KTXYRS;
				GENERATE_INFOPLIST_FILE = YES;
				IPHONEOS_DEPLOYMENT_TARGET = 15.2;
				MARKETING_VERSION = 1.0;
				PRODUCT_BUNDLE_IDENTIFIER = "amjad.oudeh-SoundCloud.com.SwifUI-handbookTests";
				PRODUCT_NAME = "$(TARGET_NAME)";
				SWIFT_EMIT_LOC_STRINGS = NO;
				SWIFT_VERSION = 5.0;
				TARGETED_DEVICE_FAMILY = "1,2";
				TEST_HOST = "$(BUILT_PRODUCTS_DIR)/SwifUI-handbook.app/SwifUI-handbook";
			};
			name = Debug;
		};
		70F3839127C1317A00A8A283 /* Release */ = {
			isa = XCBuildConfiguration;
			buildSettings = {
				ALWAYS_EMBED_SWIFT_STANDARD_LIBRARIES = YES;
				BUNDLE_LOADER = "$(TEST_HOST)";
				CODE_SIGN_STYLE = Automatic;
				CURRENT_PROJECT_VERSION = 1;
				DEVELOPMENT_TEAM = P569KTXYRS;
				GENERATE_INFOPLIST_FILE = YES;
				IPHONEOS_DEPLOYMENT_TARGET = 15.2;
				MARKETING_VERSION = 1.0;
				PRODUCT_BUNDLE_IDENTIFIER = "amjad.oudeh-SoundCloud.com.SwifUI-handbookTests";
				PRODUCT_NAME = "$(TARGET_NAME)";
				SWIFT_EMIT_LOC_STRINGS = NO;
				SWIFT_VERSION = 5.0;
				TARGETED_DEVICE_FAMILY = "1,2";
				TEST_HOST = "$(BUILT_PRODUCTS_DIR)/SwifUI-handbook.app/SwifUI-handbook";
			};
			name = Release;
		};
		70F3839327C1317A00A8A283 /* Debug */ = {
			isa = XCBuildConfiguration;
			buildSettings = {
				ALWAYS_EMBED_SWIFT_STANDARD_LIBRARIES = YES;
				CODE_SIGN_STYLE = Automatic;
				CURRENT_PROJECT_VERSION = 1;
				DEVELOPMENT_TEAM = P569KTXYRS;
				GENERATE_INFOPLIST_FILE = YES;
				MARKETING_VERSION = 1.0;
				PRODUCT_BUNDLE_IDENTIFIER = "amjad.oudeh-SoundCloud.com.SwifUI-handbookUITests";
				PRODUCT_NAME = "$(TARGET_NAME)";
				SWIFT_EMIT_LOC_STRINGS = NO;
				SWIFT_VERSION = 5.0;
				TARGETED_DEVICE_FAMILY = "1,2";
				TEST_TARGET_NAME = "SwifUI-handbook";
			};
			name = Debug;
		};
		70F3839427C1317A00A8A283 /* Release */ = {
			isa = XCBuildConfiguration;
			buildSettings = {
				ALWAYS_EMBED_SWIFT_STANDARD_LIBRARIES = YES;
				CODE_SIGN_STYLE = Automatic;
				CURRENT_PROJECT_VERSION = 1;
				DEVELOPMENT_TEAM = P569KTXYRS;
				GENERATE_INFOPLIST_FILE = YES;
				MARKETING_VERSION = 1.0;
				PRODUCT_BUNDLE_IDENTIFIER = "amjad.oudeh-SoundCloud.com.SwifUI-handbookUITests";
				PRODUCT_NAME = "$(TARGET_NAME)";
				SWIFT_EMIT_LOC_STRINGS = NO;
				SWIFT_VERSION = 5.0;
				TARGETED_DEVICE_FAMILY = "1,2";
				TEST_TARGET_NAME = "SwifUI-handbook";
			};
			name = Release;
		};
/* End XCBuildConfiguration section */

/* Begin XCConfigurationList section */
		70F3836327C1317800A8A283 /* Build configuration list for PBXProject "SwifUI-handbook" */ = {
			isa = XCConfigurationList;
			buildConfigurations = (
				70F3838A27C1317A00A8A283 /* Debug */,
				70F3838B27C1317A00A8A283 /* Release */,
			);
			defaultConfigurationIsVisible = 0;
			defaultConfigurationName = Release;
		};
		70F3838C27C1317A00A8A283 /* Build configuration list for PBXNativeTarget "SwifUI-handbook" */ = {
			isa = XCConfigurationList;
			buildConfigurations = (
				70F3838D27C1317A00A8A283 /* Debug */,
				70F3838E27C1317A00A8A283 /* Release */,
			);
			defaultConfigurationIsVisible = 0;
			defaultConfigurationName = Release;
		};
		70F3838F27C1317A00A8A283 /* Build configuration list for PBXNativeTarget "SwifUI-handbookTests" */ = {
			isa = XCConfigurationList;
			buildConfigurations = (
				70F3839027C1317A00A8A283 /* Debug */,
				70F3839127C1317A00A8A283 /* Release */,
			);
			defaultConfigurationIsVisible = 0;
			defaultConfigurationName = Release;
		};
		70F3839227C1317A00A8A283 /* Build configuration list for PBXNativeTarget "SwifUI-handbookUITests" */ = {
			isa = XCConfigurationList;
			buildConfigurations = (
				70F3839327C1317A00A8A283 /* Debug */,
				70F3839427C1317A00A8A283 /* Release */,
			);
			defaultConfigurationIsVisible = 0;
			defaultConfigurationName = Release;
		};
/* End XCConfigurationList section */
	};
	rootObject = 70F3836027C1317800A8A283 /* Project object */;
}
